{
    "name": "easy-cryptography-js",
    "version": "0.0.6",
    "lockfileVersion": 1,
    "requires": true,
    "dependencies": {
        "@types/crypto-js": {
            "version": "3.1.46",
            "resolved": "https://registry.npmjs.org/@types/crypto-js/-/crypto-js-3.1.46.tgz",
            "integrity": "sha512-w1rUo6jY6dhNQXOl85UAvJHPX8pIqzfUH2E1+HxU3Z4HsuAaiYPkogEplJqD5QmtDtWC5MUkULtJEvpX5501xQ=="
        }
    }
}